// !$*UTF8*$!
{
	archiveVersion = 1;
	classes = {
	};
	objectVersion = 46;
	objects = {

/* Begin PBXBuildFile section */
		CCBC38571C1DCAA700E0EFEF /* AppDelegate.swift in Sources */ = {isa = PBXBuildFile; fileRef = CCBC38561C1DCAA700E0EFEF /* AppDelegate.swift */; };
		CCBC38591C1DCAA700E0EFEF /* MainViewController.swift in Sources */ = {isa = PBXBuildFile; fileRef = CCBC38581C1DCAA700E0EFEF /* MainViewController.swift */; };
		CCBC385C1C1DCAA700E0EFEF /* Main.storyboard in Resources */ = {isa = PBXBuildFile; fileRef = CCBC385A1C1DCAA700E0EFEF /* Main.storyboard */; };
		CCBC385E1C1DCAA700E0EFEF /* Assets.xcassets in Resources */ = {isa = PBXBuildFile; fileRef = CCBC385D1C1DCAA700E0EFEF /* Assets.xcassets */; };
		CCBC38611C1DCAA700E0EFEF /* LaunchScreen.storyboard in Resources */ = {isa = PBXBuildFile; fileRef = CCBC385F1C1DCAA700E0EFEF /* LaunchScreen.storyboard */; };
		CCBC386C1C1DCAA700E0EFEF /* ClusterTests.swift in Sources */ = {isa = PBXBuildFile; fileRef = CCBC386B1C1DCAA700E0EFEF /* ClusterTests.swift */; };
		CCBC38771C1DCAA700E0EFEF /* ClusterUITests.swift in Sources */ = {isa = PBXBuildFile; fileRef = CCBC38761C1DCAA700E0EFEF /* ClusterUITests.swift */; };
		CCBC38961C1DDBD900E0EFEF /* CSSummaryCard.swift in Sources */ = {isa = PBXBuildFile; fileRef = CCBC38951C1DDBD900E0EFEF /* CSSummaryCard.swift */; };
		CCBC38971C1DDBD900E0EFEF /* CSSummaryCard.swift in Sources */ = {isa = PBXBuildFile; fileRef = CCBC38951C1DDBD900E0EFEF /* CSSummaryCard.swift */; };
		CCBC38981C1DDBD900E0EFEF /* CSSummaryCard.swift in Sources */ = {isa = PBXBuildFile; fileRef = CCBC38951C1DDBD900E0EFEF /* CSSummaryCard.swift */; };
		CCBC389B1C1DF63600E0EFEF /* CSContactDetail.swift in Sources */ = {isa = PBXBuildFile; fileRef = CCBC389A1C1DF63600E0EFEF /* CSContactDetail.swift */; };
		CCBC389C1C1DF63600E0EFEF /* CSContactDetail.swift in Sources */ = {isa = PBXBuildFile; fileRef = CCBC389A1C1DF63600E0EFEF /* CSContactDetail.swift */; };
		CCBC389D1C1DF63600E0EFEF /* CSContactDetail.swift in Sources */ = {isa = PBXBuildFile; fileRef = CCBC389A1C1DF63600E0EFEF /* CSContactDetail.swift */; };
		CCBC389F1C1DF9A400E0EFEF /* EditProfileViewController.swift in Sources */ = {isa = PBXBuildFile; fileRef = CCBC389E1C1DF9A400E0EFEF /* EditProfileViewController.swift */; };
		CCBC38A01C1DF9A400E0EFEF /* EditProfileViewController.swift in Sources */ = {isa = PBXBuildFile; fileRef = CCBC389E1C1DF9A400E0EFEF /* EditProfileViewController.swift */; };
		CCBC38A11C1DF9A400E0EFEF /* EditProfileViewController.swift in Sources */ = {isa = PBXBuildFile; fileRef = CCBC389E1C1DF9A400E0EFEF /* EditProfileViewController.swift */; };
		CCBC38AC1C1E01C800E0EFEF /* CSUtils.swift in Sources */ = {isa = PBXBuildFile; fileRef = CCBC38AB1C1E01C800E0EFEF /* CSUtils.swift */; };
		CCBC38AD1C1E01C800E0EFEF /* CSUtils.swift in Sources */ = {isa = PBXBuildFile; fileRef = CCBC38AB1C1E01C800E0EFEF /* CSUtils.swift */; };
		CCBC38AE1C1E01C800E0EFEF /* CSUtils.swift in Sources */ = {isa = PBXBuildFile; fileRef = CCBC38AB1C1E01C800E0EFEF /* CSUtils.swift */; };
		CCBC38B01C1E1D2000E0EFEF /* QuartzCore.framework in Frameworks */ = {isa = PBXBuildFile; fileRef = CCBC38AF1C1E1D2000E0EFEF /* QuartzCore.framework */; };
		CCBC38BA1C1F815200E0EFEF /* CSContactDetailFetcher.swift in Sources */ = {isa = PBXBuildFile; fileRef = CCBC38B91C1F815200E0EFEF /* CSContactDetailFetcher.swift */; };
		CCBC38BB1C1F815200E0EFEF /* CSContactDetailFetcher.swift in Sources */ = {isa = PBXBuildFile; fileRef = CCBC38B91C1F815200E0EFEF /* CSContactDetailFetcher.swift */; };
		CCBC38BC1C1F815200E0EFEF /* CSContactDetailFetcher.swift in Sources */ = {isa = PBXBuildFile; fileRef = CCBC38B91C1F815200E0EFEF /* CSContactDetailFetcher.swift */; };
		CCBC38C11C214E3B00E0EFEF /* EditProfileDetailsViewController.swift in Sources */ = {isa = PBXBuildFile; fileRef = CCBC38C01C214E3B00E0EFEF /* EditProfileDetailsViewController.swift */; };
		CCBC38C21C214E3B00E0EFEF /* EditProfileDetailsViewController.swift in Sources */ = {isa = PBXBuildFile; fileRef = CCBC38C01C214E3B00E0EFEF /* EditProfileDetailsViewController.swift */; };
		CCBC38C31C214E3B00E0EFEF /* EditProfileDetailsViewController.swift in Sources */ = {isa = PBXBuildFile; fileRef = CCBC38C01C214E3B00E0EFEF /* EditProfileDetailsViewController.swift */; };
		CCBC38CB1C21679D00E0EFEF /* UIViewEffects.swift in Sources */ = {isa = PBXBuildFile; fileRef = CCBC38CA1C21679D00E0EFEF /* UIViewEffects.swift */; };
		CCBC38CC1C21679D00E0EFEF /* UIViewEffects.swift in Sources */ = {isa = PBXBuildFile; fileRef = CCBC38CA1C21679D00E0EFEF /* UIViewEffects.swift */; };
		CCBC38CD1C21679D00E0EFEF /* UIViewEffects.swift in Sources */ = {isa = PBXBuildFile; fileRef = CCBC38CA1C21679D00E0EFEF /* UIViewEffects.swift */; };
/* End PBXBuildFile section */

/* Begin PBXContainerItemProxy section */
		CCBC38681C1DCAA700E0EFEF /* PBXContainerItemProxy */ = {
			isa = PBXContainerItemProxy;
			containerPortal = CCBC384B1C1DCAA700E0EFEF /* Project object */;
			proxyType = 1;
			remoteGlobalIDString = CCBC38521C1DCAA700E0EFEF;
			remoteInfo = Cluster;
		};
		CCBC38731C1DCAA700E0EFEF /* PBXContainerItemProxy */ = {
			isa = PBXContainerItemProxy;
			containerPortal = CCBC384B1C1DCAA700E0EFEF /* Project object */;
			proxyType = 1;
			remoteGlobalIDString = CCBC38521C1DCAA700E0EFEF;
			remoteInfo = Cluster;
		};
/* End PBXContainerItemProxy section */

/* Begin PBXFileReference section */
		CCBC38531C1DCAA700E0EFEF /* Cluster.app */ = {isa = PBXFileReference; explicitFileType = wrapper.application; includeInIndex = 0; path = Cluster.app; sourceTree = BUILT_PRODUCTS_DIR; };
		CCBC38561C1DCAA700E0EFEF /* AppDelegate.swift */ = {isa = PBXFileReference; lastKnownFileType = sourcecode.swift; path = AppDelegate.swift; sourceTree = "<group>"; };
		CCBC38581C1DCAA700E0EFEF /* MainViewController.swift */ = {isa = PBXFileReference; lastKnownFileType = sourcecode.swift; path = MainViewController.swift; sourceTree = "<group>"; };
		CCBC385B1C1DCAA700E0EFEF /* Base */ = {isa = PBXFileReference; lastKnownFileType = file.storyboard; name = Base; path = Base.lproj/Main.storyboard; sourceTree = "<group>"; };
		CCBC385D1C1DCAA700E0EFEF /* Assets.xcassets */ = {isa = PBXFileReference; lastKnownFileType = folder.assetcatalog; path = Assets.xcassets; sourceTree = "<group>"; };
		CCBC38601C1DCAA700E0EFEF /* Base */ = {isa = PBXFileReference; lastKnownFileType = file.storyboard; name = Base; path = Base.lproj/LaunchScreen.storyboard; sourceTree = "<group>"; };
		CCBC38621C1DCAA700E0EFEF /* Info.plist */ = {isa = PBXFileReference; lastKnownFileType = text.plist.xml; path = Info.plist; sourceTree = "<group>"; };
		CCBC38671C1DCAA700E0EFEF /* ClusterTests.xctest */ = {isa = PBXFileReference; explicitFileType = wrapper.cfbundle; includeInIndex = 0; path = ClusterTests.xctest; sourceTree = BUILT_PRODUCTS_DIR; };
		CCBC386B1C1DCAA700E0EFEF /* ClusterTests.swift */ = {isa = PBXFileReference; lastKnownFileType = sourcecode.swift; path = ClusterTests.swift; sourceTree = "<group>"; };
		CCBC386D1C1DCAA700E0EFEF /* Info.plist */ = {isa = PBXFileReference; lastKnownFileType = text.plist.xml; path = Info.plist; sourceTree = "<group>"; };
		CCBC38721C1DCAA700E0EFEF /* ClusterUITests.xctest */ = {isa = PBXFileReference; explicitFileType = wrapper.cfbundle; includeInIndex = 0; path = ClusterUITests.xctest; sourceTree = BUILT_PRODUCTS_DIR; };
		CCBC38761C1DCAA700E0EFEF /* ClusterUITests.swift */ = {isa = PBXFileReference; lastKnownFileType = sourcecode.swift; path = ClusterUITests.swift; sourceTree = "<group>"; };
		CCBC38781C1DCAA700E0EFEF /* Info.plist */ = {isa = PBXFileReference; lastKnownFileType = text.plist.xml; path = Info.plist; sourceTree = "<group>"; };
		CCBC38951C1DDBD900E0EFEF /* CSSummaryCard.swift */ = {isa = PBXFileReference; fileEncoding = 4; lastKnownFileType = sourcecode.swift; path = CSSummaryCard.swift; sourceTree = "<group>"; };
		CCBC389A1C1DF63600E0EFEF /* CSContactDetail.swift */ = {isa = PBXFileReference; fileEncoding = 4; lastKnownFileType = sourcecode.swift; path = CSContactDetail.swift; sourceTree = "<group>"; };
		CCBC389E1C1DF9A400E0EFEF /* EditProfileViewController.swift */ = {isa = PBXFileReference; fileEncoding = 4; lastKnownFileType = sourcecode.swift; path = EditProfileViewController.swift; sourceTree = "<group>"; };
		CCBC38AB1C1E01C800E0EFEF /* CSUtils.swift */ = {isa = PBXFileReference; fileEncoding = 4; lastKnownFileType = sourcecode.swift; path = CSUtils.swift; sourceTree = "<group>"; };
		CCBC38AF1C1E1D2000E0EFEF /* QuartzCore.framework */ = {isa = PBXFileReference; lastKnownFileType = wrapper.framework; name = QuartzCore.framework; path = System/Library/Frameworks/QuartzCore.framework; sourceTree = SDKROOT; };
		CCBC38B11C1E1DD700E0EFEF /* Cluster-Bridging-Header.h */ = {isa = PBXFileReference; lastKnownFileType = sourcecode.c.h; path = "Cluster-Bridging-Header.h"; sourceTree = "<group>"; };
		CCBC38B21C1E1DD700E0EFEF /* ClusterTests-Bridging-Header.h */ = {isa = PBXFileReference; lastKnownFileType = sourcecode.c.h; path = "ClusterTests-Bridging-Header.h"; sourceTree = "<group>"; };
		CCBC38B31C1E1DD700E0EFEF /* ClusterUITests-Bridging-Header.h */ = {isa = PBXFileReference; lastKnownFileType = sourcecode.c.h; path = "ClusterUITests-Bridging-Header.h"; sourceTree = "<group>"; };
		CCBC38B91C1F815200E0EFEF /* CSContactDetailFetcher.swift */ = {isa = PBXFileReference; fileEncoding = 4; lastKnownFileType = sourcecode.swift; path = CSContactDetailFetcher.swift; sourceTree = "<group>"; };
		CCBC38C01C214E3B00E0EFEF /* EditProfileDetailsViewController.swift */ = {isa = PBXFileReference; fileEncoding = 4; lastKnownFileType = sourcecode.swift; path = EditProfileDetailsViewController.swift; sourceTree = "<group>"; };
		CCBC38CA1C21679D00E0EFEF /* UIViewEffects.swift */ = {isa = PBXFileReference; fileEncoding = 4; lastKnownFileType = sourcecode.swift; path = UIViewEffects.swift; sourceTree = "<group>"; };
/* End PBXFileReference section */

/* Begin PBXFrameworksBuildPhase section */
		CCBC38501C1DCAA700E0EFEF /* Frameworks */ = {
			isa = PBXFrameworksBuildPhase;
			buildActionMask = 2147483647;
			files = (
				CCBC38B01C1E1D2000E0EFEF /* QuartzCore.framework in Frameworks */,
			);
			runOnlyForDeploymentPostprocessing = 0;
		};
		CCBC38641C1DCAA700E0EFEF /* Frameworks */ = {
			isa = PBXFrameworksBuildPhase;
			buildActionMask = 2147483647;
			files = (
			);
			runOnlyForDeploymentPostprocessing = 0;
		};
		CCBC386F1C1DCAA700E0EFEF /* Frameworks */ = {
			isa = PBXFrameworksBuildPhase;
			buildActionMask = 2147483647;
			files = (
			);
			runOnlyForDeploymentPostprocessing = 0;
		};
/* End PBXFrameworksBuildPhase section */

/* Begin PBXGroup section */
		CCBC384A1C1DCAA700E0EFEF = {
			isa = PBXGroup;
			children = (
				CCBC38AF1C1E1D2000E0EFEF /* QuartzCore.framework */,
				CCBC38551C1DCAA700E0EFEF /* Cluster */,
				CCBC386A1C1DCAA700E0EFEF /* ClusterTests */,
				CCBC38751C1DCAA700E0EFEF /* ClusterUITests */,
				CCBC38541C1DCAA700E0EFEF /* Products */,
			);
			sourceTree = "<group>";
		};
		CCBC38541C1DCAA700E0EFEF /* Products */ = {
			isa = PBXGroup;
			children = (
				CCBC38531C1DCAA700E0EFEF /* Cluster.app */,
				CCBC38671C1DCAA700E0EFEF /* ClusterTests.xctest */,
				CCBC38721C1DCAA700E0EFEF /* ClusterUITests.xctest */,
			);
			name = Products;
			sourceTree = "<group>";
		};
		CCBC38551C1DCAA700E0EFEF /* Cluster */ = {
			isa = PBXGroup;
			children = (
				CCBC38C91C21677F00E0EFEF /* libraries */,
				CCBC38BF1C1FA73400E0EFEF /* supportingfiles */,
				CCBC38BE1C1FA70400E0EFEF /* storyboards */,
				CCBC38BD1C1FA6E500E0EFEF /* controllers */,
				CCBC38AA1C1E01B200E0EFEF /* utils */,
				CCBC38991C1DF5F100E0EFEF /* models */,
				CCBC38941C1DDBAF00E0EFEF /* views */,
				CCBC38561C1DCAA700E0EFEF /* AppDelegate.swift */,
				CCBC385D1C1DCAA700E0EFEF /* Assets.xcassets */,
				CCBC38621C1DCAA700E0EFEF /* Info.plist */,
			);
			path = Cluster;
			sourceTree = "<group>";
		};
		CCBC386A1C1DCAA700E0EFEF /* ClusterTests */ = {
			isa = PBXGroup;
			children = (
				CCBC386B1C1DCAA700E0EFEF /* ClusterTests.swift */,
				CCBC386D1C1DCAA700E0EFEF /* Info.plist */,
			);
			path = ClusterTests;
			sourceTree = "<group>";
		};
		CCBC38751C1DCAA700E0EFEF /* ClusterUITests */ = {
			isa = PBXGroup;
			children = (
				CCBC38761C1DCAA700E0EFEF /* ClusterUITests.swift */,
				CCBC38781C1DCAA700E0EFEF /* Info.plist */,
			);
			path = ClusterUITests;
			sourceTree = "<group>";
		};
		CCBC38941C1DDBAF00E0EFEF /* views */ = {
			isa = PBXGroup;
			children = (
				CCBC38951C1DDBD900E0EFEF /* CSSummaryCard.swift */,
			);
			name = views;
			sourceTree = "<group>";
		};
		CCBC38991C1DF5F100E0EFEF /* models */ = {
			isa = PBXGroup;
			children = (
				CCBC389A1C1DF63600E0EFEF /* CSContactDetail.swift */,
				CCBC38B91C1F815200E0EFEF /* CSContactDetailFetcher.swift */,
			);
			name = models;
			sourceTree = "<group>";
		};
		CCBC38AA1C1E01B200E0EFEF /* utils */ = {
			isa = PBXGroup;
			children = (
				CCBC38AB1C1E01C800E0EFEF /* CSUtils.swift */,
			);
			name = utils;
			sourceTree = "<group>";
		};
		CCBC38BD1C1FA6E500E0EFEF /* controllers */ = {
			isa = PBXGroup;
			children = (
				CCBC38581C1DCAA700E0EFEF /* MainViewController.swift */,
				CCBC389E1C1DF9A400E0EFEF /* EditProfileViewController.swift */,
				CCBC38C01C214E3B00E0EFEF /* EditProfileDetailsViewController.swift */,
			);
			name = controllers;
			sourceTree = "<group>";
		};
		CCBC38BE1C1FA70400E0EFEF /* storyboards */ = {
			isa = PBXGroup;
			children = (
				CCBC385A1C1DCAA700E0EFEF /* Main.storyboard */,
				CCBC385F1C1DCAA700E0EFEF /* LaunchScreen.storyboard */,
			);
			name = storyboards;
			sourceTree = "<group>";
		};
		CCBC38BF1C1FA73400E0EFEF /* supportingfiles */ = {
			isa = PBXGroup;
			children = (
				CCBC38B11C1E1DD700E0EFEF /* Cluster-Bridging-Header.h */,
				CCBC38B21C1E1DD700E0EFEF /* ClusterTests-Bridging-Header.h */,
				CCBC38B31C1E1DD700E0EFEF /* ClusterUITests-Bridging-Header.h */,
			);
			name = supportingfiles;
			sourceTree = "<group>";
		};
		CCBC38C91C21677F00E0EFEF /* libraries */ = {
			isa = PBXGroup;
			children = (
				CCBC38CA1C21679D00E0EFEF /* UIViewEffects.swift */,
			);
			name = libraries;
			sourceTree = "<group>";
		};
/* End PBXGroup section */

/* Begin PBXNativeTarget section */
		CCBC38521C1DCAA700E0EFEF /* Cluster */ = {
			isa = PBXNativeTarget;
			buildConfigurationList = CCBC387B1C1DCAA700E0EFEF /* Build configuration list for PBXNativeTarget "Cluster" */;
			buildPhases = (
				CCBC384F1C1DCAA700E0EFEF /* Sources */,
				CCBC38501C1DCAA700E0EFEF /* Frameworks */,
				CCBC38511C1DCAA700E0EFEF /* Resources */,
			);
			buildRules = (
			);
			dependencies = (
			);
			name = Cluster;
			productName = Cluster;
			productReference = CCBC38531C1DCAA700E0EFEF /* Cluster.app */;
			productType = "com.apple.product-type.application";
		};
		CCBC38661C1DCAA700E0EFEF /* ClusterTests */ = {
			isa = PBXNativeTarget;
			buildConfigurationList = CCBC387E1C1DCAA700E0EFEF /* Build configuration list for PBXNativeTarget "ClusterTests" */;
			buildPhases = (
				CCBC38631C1DCAA700E0EFEF /* Sources */,
				CCBC38641C1DCAA700E0EFEF /* Frameworks */,
				CCBC38651C1DCAA700E0EFEF /* Resources */,
			);
			buildRules = (
			);
			dependencies = (
				CCBC38691C1DCAA700E0EFEF /* PBXTargetDependency */,
			);
			name = ClusterTests;
			productName = ClusterTests;
			productReference = CCBC38671C1DCAA700E0EFEF /* ClusterTests.xctest */;
			productType = "com.apple.product-type.bundle.unit-test";
		};
		CCBC38711C1DCAA700E0EFEF /* ClusterUITests */ = {
			isa = PBXNativeTarget;
			buildConfigurationList = CCBC38811C1DCAA700E0EFEF /* Build configuration list for PBXNativeTarget "ClusterUITests" */;
			buildPhases = (
				CCBC386E1C1DCAA700E0EFEF /* Sources */,
				CCBC386F1C1DCAA700E0EFEF /* Frameworks */,
				CCBC38701C1DCAA700E0EFEF /* Resources */,
			);
			buildRules = (
			);
			dependencies = (
				CCBC38741C1DCAA700E0EFEF /* PBXTargetDependency */,
			);
			name = ClusterUITests;
			productName = ClusterUITests;
			productReference = CCBC38721C1DCAA700E0EFEF /* ClusterUITests.xctest */;
			productType = "com.apple.product-type.bundle.ui-testing";
		};
/* End PBXNativeTarget section */

/* Begin PBXProject section */
		CCBC384B1C1DCAA700E0EFEF /* Project object */ = {
			isa = PBXProject;
			attributes = {
				LastSwiftUpdateCheck = 0720;
				LastUpgradeCheck = 0720;
				ORGANIZATIONNAME = Personal;
				TargetAttributes = {
					CCBC38521C1DCAA700E0EFEF = {
						CreatedOnToolsVersion = 7.2;
					};
					CCBC38661C1DCAA700E0EFEF = {
						CreatedOnToolsVersion = 7.2;
						TestTargetID = CCBC38521C1DCAA700E0EFEF;
					};
					CCBC38711C1DCAA700E0EFEF = {
						CreatedOnToolsVersion = 7.2;
						TestTargetID = CCBC38521C1DCAA700E0EFEF;
					};
				};
			};
			buildConfigurationList = CCBC384E1C1DCAA700E0EFEF /* Build configuration list for PBXProject "Cluster" */;
			compatibilityVersion = "Xcode 3.2";
			developmentRegion = English;
			hasScannedForEncodings = 0;
			knownRegions = (
				en,
				Base,
			);
			mainGroup = CCBC384A1C1DCAA700E0EFEF;
			productRefGroup = CCBC38541C1DCAA700E0EFEF /* Products */;
			projectDirPath = "";
			projectRoot = "";
			targets = (
				CCBC38521C1DCAA700E0EFEF /* Cluster */,
				CCBC38661C1DCAA700E0EFEF /* ClusterTests */,
				CCBC38711C1DCAA700E0EFEF /* ClusterUITests */,
			);
		};
/* End PBXProject section */

/* Begin PBXResourcesBuildPhase section */
		CCBC38511C1DCAA700E0EFEF /* Resources */ = {
			isa = PBXResourcesBuildPhase;
			buildActionMask = 2147483647;
			files = (
				CCBC38611C1DCAA700E0EFEF /* LaunchScreen.storyboard in Resources */,
				CCBC385E1C1DCAA700E0EFEF /* Assets.xcassets in Resources */,
				CCBC385C1C1DCAA700E0EFEF /* Main.storyboard in Resources */,
			);
			runOnlyForDeploymentPostprocessing = 0;
		};
		CCBC38651C1DCAA700E0EFEF /* Resources */ = {
			isa = PBXResourcesBuildPhase;
			buildActionMask = 2147483647;
			files = (
			);
			runOnlyForDeploymentPostprocessing = 0;
		};
		CCBC38701C1DCAA700E0EFEF /* Resources */ = {
			isa = PBXResourcesBuildPhase;
			buildActionMask = 2147483647;
			files = (
			);
			runOnlyForDeploymentPostprocessing = 0;
		};
/* End PBXResourcesBuildPhase section */

/* Begin PBXSourcesBuildPhase section */
		CCBC384F1C1DCAA700E0EFEF /* Sources */ = {
			isa = PBXSourcesBuildPhase;
			buildActionMask = 2147483647;
			files = (
				CCBC38591C1DCAA700E0EFEF /* MainViewController.swift in Sources */,
				CCBC38CB1C21679D00E0EFEF /* UIViewEffects.swift in Sources */,
				CCBC389B1C1DF63600E0EFEF /* CSContactDetail.swift in Sources */,
				CCBC38961C1DDBD900E0EFEF /* CSSummaryCard.swift in Sources */,
				CCBC389F1C1DF9A400E0EFEF /* EditProfileViewController.swift in Sources */,
				CCBC38BA1C1F815200E0EFEF /* CSContactDetailFetcher.swift in Sources */,
				CCBC38C11C214E3B00E0EFEF /* EditProfileDetailsViewController.swift in Sources */,
				CCBC38571C1DCAA700E0EFEF /* AppDelegate.swift in Sources */,
				CCBC38AC1C1E01C800E0EFEF /* CSUtils.swift in Sources */,
			);
			runOnlyForDeploymentPostprocessing = 0;
		};
		CCBC38631C1DCAA700E0EFEF /* Sources */ = {
			isa = PBXSourcesBuildPhase;
			buildActionMask = 2147483647;
			files = (
				CCBC38BB1C1F815200E0EFEF /* CSContactDetailFetcher.swift in Sources */,
				CCBC38C21C214E3B00E0EFEF /* EditProfileDetailsViewController.swift in Sources */,
				CCBC38A01C1DF9A400E0EFEF /* EditProfileViewController.swift in Sources */,
				CCBC38971C1DDBD900E0EFEF /* CSSummaryCard.swift in Sources */,
				CCBC386C1C1DCAA700E0EFEF /* ClusterTests.swift in Sources */,
				CCBC389C1C1DF63600E0EFEF /* CSContactDetail.swift in Sources */,
				CCBC38AD1C1E01C800E0EFEF /* CSUtils.swift in Sources */,
				CCBC38CC1C21679D00E0EFEF /* UIViewEffects.swift in Sources */,
			);
			runOnlyForDeploymentPostprocessing = 0;
		};
		CCBC386E1C1DCAA700E0EFEF /* Sources */ = {
			isa = PBXSourcesBuildPhase;
			buildActionMask = 2147483647;
			files = (
				CCBC38BC1C1F815200E0EFEF /* CSContactDetailFetcher.swift in Sources */,
				CCBC38C31C214E3B00E0EFEF /* EditProfileDetailsViewController.swift in Sources */,
				CCBC38A11C1DF9A400E0EFEF /* EditProfileViewController.swift in Sources */,
				CCBC38981C1DDBD900E0EFEF /* CSSummaryCard.swift in Sources */,
				CCBC38771C1DCAA700E0EFEF /* ClusterUITests.swift in Sources */,
				CCBC389D1C1DF63600E0EFEF /* CSContactDetail.swift in Sources */,
				CCBC38AE1C1E01C800E0EFEF /* CSUtils.swift in Sources */,
				CCBC38CD1C21679D00E0EFEF /* UIViewEffects.swift in Sources */,
			);
			runOnlyForDeploymentPostprocessing = 0;
		};
/* End PBXSourcesBuildPhase section */

/* Begin PBXTargetDependency section */
		CCBC38691C1DCAA700E0EFEF /* PBXTargetDependency */ = {
			isa = PBXTargetDependency;
			target = CCBC38521C1DCAA700E0EFEF /* Cluster */;
			targetProxy = CCBC38681C1DCAA700E0EFEF /* PBXContainerItemProxy */;
		};
		CCBC38741C1DCAA700E0EFEF /* PBXTargetDependency */ = {
			isa = PBXTargetDependency;
			target = CCBC38521C1DCAA700E0EFEF /* Cluster */;
			targetProxy = CCBC38731C1DCAA700E0EFEF /* PBXContainerItemProxy */;
		};
/* End PBXTargetDependency section */

/* Begin PBXVariantGroup section */
		CCBC385A1C1DCAA700E0EFEF /* Main.storyboard */ = {
			isa = PBXVariantGroup;
			children = (
				CCBC385B1C1DCAA700E0EFEF /* Base */,
			);
			name = Main.storyboard;
			sourceTree = "<group>";
		};
		CCBC385F1C1DCAA700E0EFEF /* LaunchScreen.storyboard */ = {
			isa = PBXVariantGroup;
			children = (
				CCBC38601C1DCAA700E0EFEF /* Base */,
			);
			name = LaunchScreen.storyboard;
			sourceTree = "<group>";
		};
/* End PBXVariantGroup section */

/* Begin XCBuildConfiguration section */
		CCBC38791C1DCAA700E0EFEF /* Debug */ = {
			isa = XCBuildConfiguration;
			buildSettings = {
				ALWAYS_SEARCH_USER_PATHS = NO;
				CLANG_CXX_LANGUAGE_STANDARD = "gnu++0x";
				CLANG_CXX_LIBRARY = "libc++";
				CLANG_ENABLE_MODULES = YES;
				CLANG_ENABLE_OBJC_ARC = YES;
				CLANG_WARN_BOOL_CONVERSION = YES;
				CLANG_WARN_CONSTANT_CONVERSION = YES;
				CLANG_WARN_DIRECT_OBJC_ISA_USAGE = YES_ERROR;
				CLANG_WARN_EMPTY_BODY = YES;
				CLANG_WARN_ENUM_CONVERSION = YES;
				CLANG_WARN_INT_CONVERSION = YES;
				CLANG_WARN_OBJC_ROOT_CLASS = YES_ERROR;
				CLANG_WARN_UNREACHABLE_CODE = YES;
				CLANG_WARN__DUPLICATE_METHOD_MATCH = YES;
				"CODE_SIGN_IDENTITY[sdk=iphoneos*]" = "iPhone Developer";
				COPY_PHASE_STRIP = NO;
				DEBUG_INFORMATION_FORMAT = dwarf;
				ENABLE_STRICT_OBJC_MSGSEND = YES;
				ENABLE_TESTABILITY = YES;
				GCC_C_LANGUAGE_STANDARD = gnu99;
				GCC_DYNAMIC_NO_PIC = NO;
				GCC_NO_COMMON_BLOCKS = YES;
				GCC_OPTIMIZATION_LEVEL = 0;
				GCC_PREPROCESSOR_DEFINITIONS = (
					"DEBUG=1",
					"$(inherited)",
				);
				GCC_WARN_64_TO_32_BIT_CONVERSION = YES;
				GCC_WARN_ABOUT_RETURN_TYPE = YES_ERROR;
				GCC_WARN_UNDECLARED_SELECTOR = YES;
				GCC_WARN_UNINITIALIZED_AUTOS = YES_AGGRESSIVE;
				GCC_WARN_UNUSED_FUNCTION = YES;
				GCC_WARN_UNUSED_VARIABLE = YES;
				IPHONEOS_DEPLOYMENT_TARGET = 9.2;
				MTL_ENABLE_DEBUG_INFO = YES;
				ONLY_ACTIVE_ARCH = YES;
				SDKROOT = iphoneos;
				SWIFT_OPTIMIZATION_LEVEL = "-Onone";
				TARGETED_DEVICE_FAMILY = "1,2";
			};
			name = Debug;
		};
		CCBC387A1C1DCAA700E0EFEF /* Release */ = {
			isa = XCBuildConfiguration;
			buildSettings = {
				ALWAYS_SEARCH_USER_PATHS = NO;
				CLANG_CXX_LANGUAGE_STANDARD = "gnu++0x";
				CLANG_CXX_LIBRARY = "libc++";
				CLANG_ENABLE_MODULES = YES;
				CLANG_ENABLE_OBJC_ARC = YES;
				CLANG_WARN_BOOL_CONVERSION = YES;
				CLANG_WARN_CONSTANT_CONVERSION = YES;
				CLANG_WARN_DIRECT_OBJC_ISA_USAGE = YES_ERROR;
				CLANG_WARN_EMPTY_BODY = YES;
				CLANG_WARN_ENUM_CONVERSION = YES;
				CLANG_WARN_INT_CONVERSION = YES;
				CLANG_WARN_OBJC_ROOT_CLASS = YES_ERROR;
				CLANG_WARN_UNREACHABLE_CODE = YES;
				CLANG_WARN__DUPLICATE_METHOD_MATCH = YES;
				"CODE_SIGN_IDENTITY[sdk=iphoneos*]" = "iPhone Developer";
				COPY_PHASE_STRIP = NO;
				DEBUG_INFORMATION_FORMAT = "dwarf-with-dsym";
				ENABLE_NS_ASSERTIONS = NO;
				ENABLE_STRICT_OBJC_MSGSEND = YES;
				GCC_C_LANGUAGE_STANDARD = gnu99;
				GCC_NO_COMMON_BLOCKS = YES;
				GCC_WARN_64_TO_32_BIT_CONVERSION = YES;
				GCC_WARN_ABOUT_RETURN_TYPE = YES_ERROR;
				GCC_WARN_UNDECLARED_SELECTOR = YES;
				GCC_WARN_UNINITIALIZED_AUTOS = YES_AGGRESSIVE;
				GCC_WARN_UNUSED_FUNCTION = YES;
				GCC_WARN_UNUSED_VARIABLE = YES;
				IPHONEOS_DEPLOYMENT_TARGET = 9.2;
				MTL_ENABLE_DEBUG_INFO = NO;
				SDKROOT = iphoneos;
				TARGETED_DEVICE_FAMILY = "1,2";
				VALIDATE_PRODUCT = YES;
			};
			name = Release;
		};
		CCBC387C1C1DCAA700E0EFEF /* Debug */ = {
			isa = XCBuildConfiguration;
			buildSettings = {
				ASSETCATALOG_COMPILER_APPICON_NAME = AppIcon;
				CLANG_ENABLE_MODULES = YES;
				INFOPLIST_FILE = Cluster/Info.plist;
				LD_RUNPATH_SEARCH_PATHS = "$(inherited) @executable_path/Frameworks";
				PRODUCT_BUNDLE_IDENTIFIER = Official.Cluster;
				PRODUCT_NAME = "$(TARGET_NAME)";
				SWIFT_OBJC_BRIDGING_HEADER = "Cluster/Cluster-Bridging-Header.h";
				SWIFT_OPTIMIZATION_LEVEL = "-Onone";
			};
			name = Debug;
		};
		CCBC387D1C1DCAA700E0EFEF /* Release */ = {
			isa = XCBuildConfiguration;
			buildSettings = {
				ASSETCATALOG_COMPILER_APPICON_NAME = AppIcon;
				CLANG_ENABLE_MODULES = YES;
				INFOPLIST_FILE = Cluster/Info.plist;
				LD_RUNPATH_SEARCH_PATHS = "$(inherited) @executable_path/Frameworks";
				PRODUCT_BUNDLE_IDENTIFIER = Official.Cluster;
				PRODUCT_NAME = "$(TARGET_NAME)";
				SWIFT_OBJC_BRIDGING_HEADER = "Cluster/Cluster-Bridging-Header.h";
			};
			name = Release;
		};
		CCBC387F1C1DCAA700E0EFEF /* Debug */ = {
			isa = XCBuildConfiguration;
			buildSettings = {
				BUNDLE_LOADER = "$(TEST_HOST)";
				CLANG_ENABLE_MODULES = YES;
				INFOPLIST_FILE = ClusterTests/Info.plist;
				LD_RUNPATH_SEARCH_PATHS = "$(inherited) @executable_path/Frameworks @loader_path/Frameworks";
				PRODUCT_BUNDLE_IDENTIFIER = Official.ClusterTests;
				PRODUCT_NAME = "$(TARGET_NAME)";
				SWIFT_OBJC_BRIDGING_HEADER = "Cluster/ClusterTests-Bridging-Header.h";
				SWIFT_OPTIMIZATION_LEVEL = "-Onone";
				TEST_HOST = "$(BUILT_PRODUCTS_DIR)/Cluster.app/Cluster";
			};
			name = Debug;
		};
		CCBC38801C1DCAA700E0EFEF /* Release */ = {
			isa = XCBuildConfiguration;
			buildSettings = {
				BUNDLE_LOADER = "$(TEST_HOST)";
				CLANG_ENABLE_MODULES = YES;
				INFOPLIST_FILE = ClusterTests/Info.plist;
				LD_RUNPATH_SEARCH_PATHS = "$(inherited) @executable_path/Frameworks @loader_path/Frameworks";
				PRODUCT_BUNDLE_IDENTIFIER = Official.ClusterTests;
				PRODUCT_NAME = "$(TARGET_NAME)";
				SWIFT_OBJC_BRIDGING_HEADER = "Cluster/ClusterTests-Bridging-Header.h";
				TEST_HOST = "$(BUILT_PRODUCTS_DIR)/Cluster.app/Cluster";
			};
			name = Release;
		};
		CCBC38821C1DCAA700E0EFEF /* Debug */ = {
			isa = XCBuildConfiguration;
			buildSettings = {
				CLANG_ENABLE_MODULES = YES;
				INFOPLIST_FILE = ClusterUITests/Info.plist;
				LD_RUNPATH_SEARCH_PATHS = "$(inherited) @executable_path/Frameworks @loader_path/Frameworks";
				PRODUCT_BUNDLE_IDENTIFIER = Official.ClusterUITests;
				PRODUCT_NAME = "$(TARGET_NAME)";
				SWIFT_OBJC_BRIDGING_HEADER = "Cluster/ClusterUITests-Bridging-Header.h";
				SWIFT_OPTIMIZATION_LEVEL = "-Onone";
				TEST_TARGET_NAME = Cluster;
				USES_XCTRUNNER = YES;
			};
			name = Debug;
		};
		CCBC38831C1DCAA700E0EFEF /* Release */ = {
			isa = XCBuildConfiguration;
			buildSettings = {
				CLANG_ENABLE_MODULES = YES;
				INFOPLIST_FILE = ClusterUITests/Info.plist;
				LD_RUNPATH_SEARCH_PATHS = "$(inherited) @executable_path/Frameworks @loader_path/Frameworks";
				PRODUCT_BUNDLE_IDENTIFIER = Official.ClusterUITests;
				PRODUCT_NAME = "$(TARGET_NAME)";
				SWIFT_OBJC_BRIDGING_HEADER = "Cluster/ClusterUITests-Bridging-Header.h";
				TEST_TARGET_NAME = Cluster;
				USES_XCTRUNNER = YES;
			};
			name = Release;
		};
/* End XCBuildConfiguration section */

/* Begin XCConfigurationList section */
		CCBC384E1C1DCAA700E0EFEF /* Build configuration list for PBXProject "Cluster" */ = {
			isa = XCConfigurationList;
			buildConfigurations = (
				CCBC38791C1DCAA700E0EFEF /* Debug */,
				CCBC387A1C1DCAA700E0EFEF /* Release */,
			);
			defaultConfigurationIsVisible = 0;
			defaultConfigurationName = Release;
		};
		CCBC387B1C1DCAA700E0EFEF /* Build configuration list for PBXNativeTarget "Cluster" */ = {
			isa = XCConfigurationList;
			buildConfigurations = (
				CCBC387C1C1DCAA700E0EFEF /* Debug */,
				CCBC387D1C1DCAA700E0EFEF /* Release */,
			);
			defaultConfigurationIsVisible = 0;
			defaultConfigurationName = Release;
		};
		CCBC387E1C1DCAA700E0EFEF /* Build configuration list for PBXNativeTarget "ClusterTests" */ = {
			isa = XCConfigurationList;
			buildConfigurations = (
				CCBC387F1C1DCAA700E0EFEF /* Debug */,
				CCBC38801C1DCAA700E0EFEF /* Release */,
			);
			defaultConfigurationIsVisible = 0;
			defaultConfigurationName = Release;
		};
		CCBC38811C1DCAA700E0EFEF /* Build configuration list for PBXNativeTarget "ClusterUITests" */ = {
			isa = XCConfigurationList;
			buildConfigurations = (
				CCBC38821C1DCAA700E0EFEF /* Debug */,
				CCBC38831C1DCAA700E0EFEF /* Release */,
			);
			defaultConfigurationIsVisible = 0;
			defaultConfigurationName = Release;
		};
/* End XCConfigurationList section */
	};
	rootObject = CCBC384B1C1DCAA700E0EFEF /* Project object */;
}
